// !$*UTF8*$!
{
	archiveVersion = 1;
	classes = {
	};
	objectVersion = 46;
	objects = {

/* Begin PBXBuildFile section */
		2A9B10F11D990F9A0066DD64 /* AppDelegate.swift in Sources */ = {isa = PBXBuildFile; fileRef = 2A9B10F01D990F9A0066DD64 /* AppDelegate.swift */; };
		2A9B10F61D990F9A0066DD64 /* Main.storyboard in Resources */ = {isa = PBXBuildFile; fileRef = 2A9B10F41D990F9A0066DD64 /* Main.storyboard */; };
		2A9B10F81D990F9A0066DD64 /* Assets.xcassets in Resources */ = {isa = PBXBuildFile; fileRef = 2A9B10F71D990F9A0066DD64 /* Assets.xcassets */; };
		2A9B10FB1D990F9A0066DD64 /* LaunchScreen.storyboard in Resources */ = {isa = PBXBuildFile; fileRef = 2A9B10F91D990F9A0066DD64 /* LaunchScreen.storyboard */; };
		2A9B11031D990FB40066DD64 /* TableViewController.swift in Sources */ = {isa = PBXBuildFile; fileRef = 2A9B11021D990FB40066DD64 /* TableViewController.swift */; };
		2A9B11091D9912B20066DD64 /* TableViewProxy.m in Sources */ = {isa = PBXBuildFile; fileRef = 2A9B11081D9912B20066DD64 /* TableViewProxy.m */; };
/* End PBXBuildFile section */

/* Begin PBXFileReference section */
		2A9B10ED1D990F9A0066DD64 /* AOP.app */ = {isa = PBXFileReference; explicitFileType = wrapper.application; includeInIndex = 0; path = AOP.app; sourceTree = BUILT_PRODUCTS_DIR; };
		2A9B10F01D990F9A0066DD64 /* AppDelegate.swift */ = {isa = PBXFileReference; lastKnownFileType = sourcecode.swift; path = AppDelegate.swift; sourceTree = "<group>"; };
		2A9B10F51D990F9A0066DD64 /* Base */ = {isa = PBXFileReference; lastKnownFileType = file.storyboard; name = Base; path = Base.lproj/Main.storyboard; sourceTree = "<group>"; };
		2A9B10F71D990F9A0066DD64 /* Assets.xcassets */ = {isa = PBXFileReference; lastKnownFileType = folder.assetcatalog; path = Assets.xcassets; sourceTree = "<group>"; };
		2A9B10FA1D990F9A0066DD64 /* Base */ = {isa = PBXFileReference; lastKnownFileType = file.storyboard; name = Base; path = Base.lproj/LaunchScreen.storyboard; sourceTree = "<group>"; };
		2A9B10FC1D990F9A0066DD64 /* Info.plist */ = {isa = PBXFileReference; lastKnownFileType = text.plist.xml; path = Info.plist; sourceTree = "<group>"; };
		2A9B11021D990FB40066DD64 /* TableViewController.swift */ = {isa = PBXFileReference; fileEncoding = 4; lastKnownFileType = sourcecode.swift; path = TableViewController.swift; sourceTree = "<group>"; };
		2A9B11061D9912B20066DD64 /* AOP-Bridging-Header.h */ = {isa = PBXFileReference; lastKnownFileType = sourcecode.c.h; path = "AOP-Bridging-Header.h"; sourceTree = "<group>"; };
		2A9B11071D9912B20066DD64 /* TableViewProxy.h */ = {isa = PBXFileReference; fileEncoding = 4; lastKnownFileType = sourcecode.c.h; path = TableViewProxy.h; sourceTree = "<group>"; };
		2A9B11081D9912B20066DD64 /* TableViewProxy.m */ = {isa = PBXFileReference; fileEncoding = 4; lastKnownFileType = sourcecode.c.objc; path = TableViewProxy.m; sourceTree = "<group>"; };
/* End PBXFileReference section */

/* Begin PBXFrameworksBuildPhase section */
		2A9B10EA1D990F9A0066DD64 /* Frameworks */ = {
			isa = PBXFrameworksBuildPhase;
			buildActionMask = 2147483647;
			files = (
			);
			runOnlyForDeploymentPostprocessing = 0;
		};
/* End PBXFrameworksBuildPhase section */

/* Begin PBXGroup section */
		2A9B10E41D990F9A0066DD64 = {
			isa = PBXGroup;
			children = (
				2A9B10EF1D990F9A0066DD64 /* AOP */,
				2A9B10EE1D990F9A0066DD64 /* Products */,
			);
			sourceTree = "<group>";
		};
		2A9B10EE1D990F9A0066DD64 /* Products */ = {
			isa = PBXGroup;
			children = (
				2A9B10ED1D990F9A0066DD64 /* AOP.app */,
			);
			name = Products;
			sourceTree = "<group>";
		};
		2A9B10EF1D990F9A0066DD64 /* AOP */ = {
			isa = PBXGroup;
			children = (
				2A9B10F01D990F9A0066DD64 /* AppDelegate.swift */,
				2A9B10F41D990F9A0066DD64 /* Main.storyboard */,
				2A9B10F71D990F9A0066DD64 /* Assets.xcassets */,
				2A9B10F91D990F9A0066DD64 /* LaunchScreen.storyboard */,
				2A9B10FC1D990F9A0066DD64 /* Info.plist */,
				2A9B11021D990FB40066DD64 /* TableViewController.swift */,
				2A9B11071D9912B20066DD64 /* TableViewProxy.h */,
				2A9B11081D9912B20066DD64 /* TableViewProxy.m */,
				2A9B11061D9912B20066DD64 /* AOP-Bridging-Header.h */,
			);
			path = AOP;
			sourceTree = "<group>";
		};
/* End PBXGroup section */

/* Begin PBXNativeTarget section */
		2A9B10EC1D990F9A0066DD64 /* AOP */ = {
			isa = PBXNativeTarget;
			buildConfigurationList = 2A9B10FF1D990F9A0066DD64 /* Build configuration list for PBXNativeTarget "AOP" */;
			buildPhases = (
				2A9B10E91D990F9A0066DD64 /* Sources */,
				2A9B10EA1D990F9A0066DD64 /* Frameworks */,
				2A9B10EB1D990F9A0066DD64 /* Resources */,
			);
			buildRules = (
			);
			dependencies = (
			);
			name = AOP;
			productName = AOP;
			productReference = 2A9B10ED1D990F9A0066DD64 /* AOP.app */;
			productType = "com.apple.product-type.application";
		};
/* End PBXNativeTarget section */

/* Begin PBXProject section */
		2A9B10E51D990F9A0066DD64 /* Project object */ = {
			isa = PBXProject;
			attributes = {
				LastSwiftUpdateCheck = 0730;
				LastUpgradeCheck = 0730;
				ORGANIZATIONNAME = cjfire;
				TargetAttributes = {
					2A9B10EC1D990F9A0066DD64 = {
						CreatedOnToolsVersion = 7.3.1;
					};
				};
			};
			buildConfigurationList = 2A9B10E81D990F9A0066DD64 /* Build configuration list for PBXProject "AOP" */;
			compatibilityVersion = "Xcode 3.2";
			developmentRegion = English;
			hasScannedForEncodings = 0;
			knownRegions = (
				en,
				Base,
			);
			mainGroup = 2A9B10E41D990F9A0066DD64;
			productRefGroup = 2A9B10EE1D990F9A0066DD64 /* Products */;
			projectDirPath = "";
			projectRoot = "";
			targets = (
				2A9B10EC1D990F9A0066DD64 /* AOP */,
			);
		};
/* End PBXProject section */

/* Begin PBXResourcesBuildPhase section */
		2A9B10EB1D990F9A0066DD64 /* Resources */ = {
			isa = PBXResourcesBuildPhase;
			buildActionMask = 2147483647;
			files = (
				2A9B10FB1D990F9A0066DD64 /* LaunchScreen.storyboard in Resources */,
				2A9B10F81D990F9A0066DD64 /* Assets.xcassets in Resources */,
				2A9B10F61D990F9A0066DD64 /* Main.storyboard in Resources */,
			);
			runOnlyForDeploymentPostprocessing = 0;
		};
/* End PBXResourcesBuildPhase section */

/* Begin PBXSourcesBuildPhase section */
		2A9B10E91D990F9A0066DD64 /* Sources */ = {
			isa = PBXSourcesBuildPhase;
			buildActionMask = 2147483647;
			files = (
				2A9B11091D9912B20066DD64 /* TableViewProxy.m in Sources */,
				2A9B11031D990FB40066DD64 /* TableViewController.swift in Sources */,
				2A9B10F11D990F9A0066DD64 /* AppDelegate.swift in Sources */,
			);
			runOnlyForDeploymentPostprocessing = 0;
		};
/* End PBXSourcesBuildPhase section */

/* Begin PBXVariantGroup section */
		2A9B10F41D990F9A0066DD64 /* Main.storyboard */ = {
			isa = PBXVariantGroup;
			children = (
				2A9B10F51D990F9A0066DD64 /* Base */,
			);
			name = Main.storyboard;
			sourceTree = "<group>";
		};
		2A9B10F91D990F9A0066DD64 /* LaunchScreen.storyboard */ = {
			isa = PBXVariantGroup;
			children = (
				2A9B10FA1D990F9A0066DD64 /* Base */,
			);
			name = LaunchScreen.storyboard;
			sourceTree = "<group>";
		};
/* End PBXVariantGroup section */

/* Begin XCBuildConfiguration section */
		2A9B10FD1D990F9A0066DD64 /* Debug */ = {
			isa = XCBuildConfiguration;
			buildSettings = {
				ALWAYS_SEARCH_USER_PATHS = NO;
				CLANG_ANALYZER_NONNULL = YES;
				CLANG_CXX_LANGUAGE_STANDARD = "gnu++0x";
				CLANG_CXX_LIBRARY = "libc++";
				CLANG_ENABLE_MODULES = YES;
				CLANG_ENABLE_OBJC_ARC = YES;
				CLANG_WARN_BOOL_CONVERSION = YES;
				CLANG_WARN_CONSTANT_CONVERSION = YES;
				CLANG_WARN_DIRECT_OBJC_ISA_USAGE = YES_ERROR;
				CLANG_WARN_EMPTY_BODY = YES;
				CLANG_WARN_ENUM_CONVERSION = YES;
				CLANG_WARN_INT_CONVERSION = YES;
				CLANG_WARN_OBJC_ROOT_CLASS = YES_ERROR;
				CLANG_WARN_UNREACHABLE_CODE = YES;
				CLANG_WARN__DUPLICATE_METHOD_MATCH = YES;
				"CODE_SIGN_IDENTITY[sdk=iphoneos*]" = "iPhone Developer";
				COPY_PHASE_STRIP = NO;
				DEBUG_INFORMATION_FORMAT = dwarf;
				ENABLE_STRICT_OBJC_MSGSEND = YES;
				ENABLE_TESTABILITY = YES;
				GCC_C_LANGUAGE_STANDARD = gnu99;
				GCC_DYNAMIC_NO_PIC = NO;
				GCC_NO_COMMON_BLOCKS = YES;
				GCC_OPTIMIZATION_LEVEL = 0;
				GCC_PREPROCESSOR_DEFINITIONS = (
					"DEBUG=1",
					"$(inherited)",
				);
				GCC_WARN_64_TO_32_BIT_CONVERSION = YES;
				GCC_WARN_ABOUT_RETURN_TYPE = YES_ERROR;
				GCC_WARN_UNDECLARED_SELECTOR = YES;
				GCC_WARN_UNINITIALIZED_AUTOS = YES_AGGRESSIVE;
				GCC_WARN_UNUSED_FUNCTION = YES;
				GCC_WARN_UNUSED_VARIABLE = YES;
				IPHONEOS_DEPLOYMENT_TARGET = 9.3;
				MTL_ENABLE_DEBUG_INFO = YES;
				ONLY_ACTIVE_ARCH = YES;
				SDKROOT = iphoneos;
				SWIFT_OPTIMIZATION_LEVEL = "-Onone";
			};
			name = Debug;
		};
		2A9B10FE1D990F9A0066DD64 /* Release */ = {
			isa = XCBuildConfiguration;
			buildSettings = {
				ALWAYS_SEARCH_USER_PATHS = NO;
				CLANG_ANALYZER_NONNULL = YES;
				CLANG_CXX_LANGUAGE_STANDARD = "gnu++0x";
				CLANG_CXX_LIBRARY = "libc++";
				CLANG_ENABLE_MODULES = YES;
				CLANG_ENABLE_OBJC_ARC = YES;
				CLANG_WARN_BOOL_CONVERSION = YES;
				CLANG_WARN_CONSTANT_CONVERSION = YES;
				CLANG_WARN_DIRECT_OBJC_ISA_USAGE = YES_ERROR;
				CLANG_WARN_EMPTY_BODY = YES;
				CLANG_WARN_ENUM_CONVERSION = YES;
				CLANG_WARN_INT_CONVERSION = YES;
				CLANG_WARN_OBJC_ROOT_CLASS = YES_ERROR;
				CLANG_WARN_UNREACHABLE_CODE = YES;
				CLANG_WARN__DUPLICATE_METHOD_MATCH = YES;
				"CODE_SIGN_IDENTITY[sdk=iphoneos*]" = "iPhone Developer";
				COPY_PHASE_STRIP = NO;
				DEBUG_INFORMATION_FORMAT = "dwarf-with-dsym";
				ENABLE_NS_ASSERTIONS = NO;
				ENABLE_STRICT_OBJC_MSGSEND = YES;
				GCC_C_LANGUAGE_STANDARD = gnu99;
				GCC_NO_COMMON_BLOCKS = YES;
				GCC_WARN_64_TO_32_BIT_CONVERSION = YES;
				GCC_WARN_ABOUT_RETURN_TYPE = YES_ERROR;
				GCC_WARN_UNDECLARED_SELECTOR = YES;
				GCC_WARN_UNINITIALIZED_AUTOS = YES_AGGRESSIVE;
				GCC_WARN_UNUSED_FUNCTION = YES;
				GCC_WARN_UNUSED_VARIABLE = YES;
				IPHONEOS_DEPLOYMENT_TARGET = 9.3;
				MTL_ENABLE_DEBUG_INFO = NO;
				SDKROOT = iphoneos;
				VALIDATE_PRODUCT = YES;
			};
			name = Release;
		};
		2A9B11001D990F9A0066DD64 /* Debug */ = {
			isa = XCBuildConfiguration;
			buildSettings = {
				ASSETCATALOG_COMPILER_APPICON_NAME = AppIcon;
				CLANG_ENABLE_MODULES = YES;
				INFOPLIST_FILE = AOP/Info.plist;
				LD_RUNPATH_SEARCH_PATHS = "$(inherited) @executable_path/Frameworks";
				PRODUCT_BUNDLE_IDENTIFIER = com.sina.cjfire.AOP;
				PRODUCT_NAME = "$(TARGET_NAME)";
				SWIFT_OBJC_BRIDGING_HEADER = "AOP/AOP-Bridging-Header.h";
				SWIFT_OPTIMIZATION_LEVEL = "-Onone";
			};
			name = Debug;
		};
		2A9B11011D990F9A0066DD64 /* Release */ = {
			isa = XCBuildConfiguration;
			buildSettings = {
				ASSETCATALOG_COMPILER_APPICON_NAME = AppIcon;
				CLANG_ENABLE_MODULES = YES;
				INFOPLIST_FILE = AOP/Info.plist;
				LD_RUNPATH_SEARCH_PATHS = "$(inherited) @executable_path/Frameworks";
				PRODUCT_BUNDLE_IDENTIFIER = com.sina.cjfire.AOP;
				PRODUCT_NAME = "$(TARGET_NAME)";
				SWIFT_OBJC_BRIDGING_HEADER = "AOP/AOP-Bridging-Header.h";
			};
			name = Release;
		};
/* End XCBuildConfiguration section */

/* Begin XCConfigurationList section */
		2A9B10E81D990F9A0066DD64 /* Build configuration list for PBXProject "AOP" */ = {
			isa = XCConfigurationList;
			buildConfigurations = (
				2A9B10FD1D990F9A0066DD64 /* Debug */,
				2A9B10FE1D990F9A0066DD64 /* Release */,
			);
			defaultConfigurationIsVisible = 0;
			defaultConfigurationName = Release;
		};
		2A9B10FF1D990F9A0066DD64 /* Build configuration list for PBXNativeTarget "AOP" */ = {
			isa = XCConfigurationList;
			buildConfigurations = (
				2A9B11001D990F9A0066DD64 /* Debug */,
				2A9B11011D990F9A0066DD64 /* Release */,
			);
			defaultConfigurationIsVisible = 0;
		};
/* End XCConfigurationList section */
	};
	rootObject = 2A9B10E51D990F9A0066DD64 /* Project object */;
}
